
Microsoft Visual Studio Solution File, Format Version 12.00
# Visual Studio 15
VisualStudioVersion = 15.0.27703.2018
MinimumVisualStudioVersion = 10.0.40219.1
Project("{FAE04EC0-301F-11D3-BF4B-00C04F79EFBC}") = "ASP.NET Core Empty", "ASP.NET Core Empty\ASP.NET Core Empty.csproj", "{F6033D63-7C86-43E3-BD1E-36672FD26ED0}"
EndProject
Global
	GlobalSection(SolutionConfigurationPlatforms) = preSolution
		Debug|Any CPU = Debug|Any CPU
		Release|Any CPU = Release|Any CPU
	EndGlobalSection
	GlobalSection(ProjectConfigurationPlatforms) = postSolution
		{F6033D63-7C86-43E3-BD1E-36672FD26ED0}.Debug|Any CPU.ActiveCfg = Debug|Any CPU
		{F6033D63-7C86-43E3-BD1E-36672FD26ED0}.Debug|Any CPU.Build.0 = Debug|Any CPU
		{F6033D63-7C86-43E3-BD1E-36672FD26ED0}.Release|Any CPU.ActiveCfg = Release|Any CPU
		{F6033D63-7C86-43E3-BD1E-36672FD26ED0}.Release|Any CPU.Build.0 = Release|Any CPU
	EndGlobalSection
	GlobalSection(SolutionProperties) = preSolution
		HideSolutionNode = FALSE
	EndGlobalSection
	GlobalSection(ExtensibilityGlobals) = postSolution
		SolutionGuid = {9895B0AB-D552-42B3-BFFF-560641C99726}
	EndGlobalSection
EndGlobal
